<?xml version="1.0" encoding="utf-8"?>
<Project ToolsVersion="4.0" xmlns="http://schemas.microsoft.com/developer/msbuild/2003">
  <ItemGroup>
    <Filter Include="Header Files">
      <UniqueIdentifier>{93995380-89BD-4b04-88EB-625FBE52EBFB}</UniqueIdentifier>
      <Extensions>h;hh;hpp;hxx;hm;inl;inc;xsd</Extensions>
    </Filter>
    <Filter Include="Standard Files">
      <UniqueIdentifier>{e41c5687-24a6-4a38-b800-e081335cfc20}</UniqueIdentifier>
    </Filter>
    <Filter Include="Source Files">
      <UniqueIdentifier>{4FC737F1-C7A5-4376-A066-2A32D752A2FF}</UniqueIdentifier>
      <Extensions>cpp;c;cc;cxx;def;odl;idl;hpj;bat;asm;asmx</Extensions>
    </Filter>
    <Filter Include="CBFG">
      <UniqueIdentifier>{a37f55f4-a9d4-4268-8dfc-19d88293d6cd}</UniqueIdentifier>
    </Filter>
  </ItemGroup>
  <ItemGroup>
    <Text Include="ReadMe.txt" />
  </ItemGroup>
  <ItemGroup>
    <ClInclude Include="ObjGLUF.h">
      <Filter>Header Files</Filter>
    </ClInclude>
    <ClInclude Include="targetver.h">
      <Filter>Standard Files</Filter>
    </ClInclude>
    <ClInclude Include="stdafx.h">
      <Filter>Standard Files</Filter>
    </ClInclude>
    <ClInclude Include="GLUFGui.h">
      <Filter>Header Files</Filter>
    </ClInclude>
  </ItemGroup>
  <ItemGroup>
    <ClCompile Include="ObjGLUF.cpp">
      <Filter>Source Files</Filter>
    </ClCompile>
    <ClCompile Include="dllmain.cpp">
      <Filter>Standard Files</Filter>
    </ClCompile>
    <ClCompile Include="stdafx.cpp">
      <Filter>Standard Files</Filter>
    </ClCompile>
    <ClCompile Include="GLUFGui.cpp">
      <Filter>Source Files</Filter>
    </ClCompile>
  </ItemGroup>
  <ItemGroup>
    <None Include="packages.config" />
    <None Include="GLUFGuiTemplates.inl">
      <Filter>Header Files</Filter>
    </None>
    <None Include="ObjGLUFTemplates.inl">
      <Filter>Header Files</Filter>
    </None>
  </ItemGroup>
</Project>